// !$*UTF8*$!
{
	archiveVersion = 1;
	classes = {
	};
	objectVersion = 56;
	objects = {

/* Begin PBXBuildFile section */
		2827D6FC2DA3CEAE004E0B43 /* CustomViewControllerFactory.swift in Sources */ = {isa = PBXBuildFile; fileRef = 2827D6FB2DA3CEAA004E0B43 /* CustomViewControllerFactory.swift */; };
		2827D6FE2DA3D90C004E0B43 /* CustomDataMapper.swift in Sources */ = {isa = PBXBuildFile; fileRef = 2827D6FD2DA3D904004E0B43 /* CustomDataMapper.swift */; };
		2827D7042DA3E6E3004E0B43 /* HtmlFormLoginViewController.swift in Sources */ = {isa = PBXBuildFile; fileRef = 2827D7032DA3E6DB004E0B43 /* HtmlFormLoginViewController.swift */; };
		2827D7062DA3E707004E0B43 /* HtmlFormLoginModel.swift in Sources */ = {isa = PBXBuildFile; fileRef = 2827D7052DA3E707004E0B43 /* HtmlFormLoginModel.swift */; };
		282A70EA2A5D694C000AE4FD /* DemoApp.swift in Sources */ = {isa = PBXBuildFile; fileRef = 282A70E92A5D694C000AE4FD /* DemoApp.swift */; };
		282A70EC2A5D694C000AE4FD /* UnauthenticatedView.swift in Sources */ = {isa = PBXBuildFile; fileRef = 282A70EB2A5D694C000AE4FD /* UnauthenticatedView.swift */; };
		282A70EE2A5D694E000AE4FD /* Assets.xcassets in Resources */ = {isa = PBXBuildFile; fileRef = 282A70ED2A5D694E000AE4FD /* Assets.xcassets */; };
		282A70F82A5D6A81000AE4FD /* DemoAppDelegate.swift in Sources */ = {isa = PBXBuildFile; fileRef = 282A70F72A5D6A81000AE4FD /* DemoAppDelegate.swift */; };
		282A70FD2A5D7664000AE4FD /* TrustAllCertsDelegate.swift in Sources */ = {isa = PBXBuildFile; fileRef = 282A70FC2A5D7664000AE4FD /* TrustAllCertsDelegate.swift */; };
		287C37C62A66E08600385838 /* CustomTheme.plist in Resources */ = {isa = PBXBuildFile; fileRef = 287C37C52A66E08600385838 /* CustomTheme.plist */; };
		287EE0C92A6A9A0F00B628F1 /* AuthenticatedView.swift in Sources */ = {isa = PBXBuildFile; fileRef = 287EE0C82A6A9A0F00B628F1 /* AuthenticatedView.swift */; };
		287EE0CB2A6AAE3500B628F1 /* ExpanderView.swift in Sources */ = {isa = PBXBuildFile; fileRef = 287EE0CA2A6AAE3500B628F1 /* ExpanderView.swift */; };
		287EE0D12A6AE6F000B628F1 /* UserInfoModel.swift in Sources */ = {isa = PBXBuildFile; fileRef = 287EE0D02A6AE6F000B628F1 /* UserInfoModel.swift */; };
		287EE0D32A6AE6FF00B628F1 /* AccessTokenModel.swift in Sources */ = {isa = PBXBuildFile; fileRef = 287EE0D22A6AE6FF00B628F1 /* AccessTokenModel.swift */; };
		287EE0D52A6AE8FE00B628F1 /* UserInfoView.swift in Sources */ = {isa = PBXBuildFile; fileRef = 287EE0D42A6AE8FE00B628F1 /* UserInfoView.swift */; };
		287EE0D82A6AED8B00B628F1 /* AccessTokenView.swift in Sources */ = {isa = PBXBuildFile; fileRef = 287EE0D72A6AED8B00B628F1 /* AccessTokenView.swift */; };
		289B58552AFD05A700366FBA /* IdsvrHaapiUIKit in Frameworks */ = {isa = PBXBuildFile; productRef = 289B58542AFD05A700366FBA /* IdsvrHaapiUIKit */; };
		289FF4102DAFCE48005ABF2B /* ErrorReader.swift in Sources */ = {isa = PBXBuildFile; fileRef = 289FF40F2DAFCE3F005ABF2B /* ErrorReader.swift */; };
		28C9FD6B2A65278800902F08 /* MainView.swift in Sources */ = {isa = PBXBuildFile; fileRef = 28C9FD6A2A65278800902F08 /* MainView.swift */; };
		28C9FD6F2A65315400902F08 /* OAuthStateModel.swift in Sources */ = {isa = PBXBuildFile; fileRef = 28C9FD6E2A65315400902F08 /* OAuthStateModel.swift */; };
		28C9FD712A6537D900902F08 /* TextStyles.swift in Sources */ = {isa = PBXBuildFile; fileRef = 28C9FD702A6537D900902F08 /* TextStyles.swift */; };
		28C9FD732A65384400902F08 /* Localizable.strings in Resources */ = {isa = PBXBuildFile; fileRef = 28C9FD722A65384400902F08 /* Localizable.strings */; };
		28C9FD752A65391C00902F08 /* CustomButtonStyle.swift in Sources */ = {isa = PBXBuildFile; fileRef = 28C9FD742A65391C00902F08 /* CustomButtonStyle.swift */; };
		28C9FD7E2A65405500902F08 /* ErrorView.swift in Sources */ = {isa = PBXBuildFile; fileRef = 28C9FD7D2A65405500902F08 /* ErrorView.swift */; };
		28C9FD842A655ED400902F08 /* ApplicationError.swift in Sources */ = {isa = PBXBuildFile; fileRef = 28C9FD832A655ED400902F08 /* ApplicationError.swift */; };
		28C9FD862A657A2700902F08 /* Configuration.swift in Sources */ = {isa = PBXBuildFile; fileRef = 28C9FD852A657A2700902F08 /* Configuration.swift */; };
		28FAF29E2DA5451C00A85932 /* AuthenticationSelectionViewController.swift in Sources */ = {isa = PBXBuildFile; fileRef = 28FAF29D2DA544FF00A85932 /* AuthenticationSelectionViewController.swift */; };
		28FAF2A02DA57B0D00A85932 /* AuthenticationSelectorButton.swift in Sources */ = {isa = PBXBuildFile; fileRef = 28FAF29F2DA57B0900A85932 /* AuthenticationSelectorButton.swift */; };
		28FAF2A52DA58BE000A85932 /* AuthenticationSelectorLabel.swift in Sources */ = {isa = PBXBuildFile; fileRef = 28FAF2A42DA58BE000A85932 /* AuthenticationSelectorLabel.swift */; };
/* End PBXBuildFile section */

/* Begin PBXCopyFilesBuildPhase section */
		28F116D12A5D9D0000268DDC /* Embed Frameworks */ = {
			isa = PBXCopyFilesBuildPhase;
			buildActionMask = 2147483647;
			dstPath = "";
			dstSubfolderSpec = 10;
			files = (
			);
			name = "Embed Frameworks";
			runOnlyForDeploymentPostprocessing = 0;
		};
/* End PBXCopyFilesBuildPhase section */

/* Begin PBXFileReference section */
		2827D6FB2DA3CEAA004E0B43 /* CustomViewControllerFactory.swift */ = {isa = PBXFileReference; lastKnownFileType = sourcecode.swift; path = CustomViewControllerFactory.swift; sourceTree = "<group>"; };
		2827D6FD2DA3D904004E0B43 /* CustomDataMapper.swift */ = {isa = PBXFileReference; lastKnownFileType = sourcecode.swift; path = CustomDataMapper.swift; sourceTree = "<group>"; };
		2827D7032DA3E6DB004E0B43 /* HtmlFormLoginViewController.swift */ = {isa = PBXFileReference; lastKnownFileType = sourcecode.swift; path = HtmlFormLoginViewController.swift; sourceTree = "<group>"; };
		2827D7052DA3E707004E0B43 /* HtmlFormLoginModel.swift */ = {isa = PBXFileReference; lastKnownFileType = sourcecode.swift; path = HtmlFormLoginModel.swift; sourceTree = "<group>"; };
		282A70E62A5D694C000AE4FD /* haapidemo.app */ = {isa = PBXFileReference; explicitFileType = wrapper.application; includeInIndex = 0; path = haapidemo.app; sourceTree = BUILT_PRODUCTS_DIR; };
		282A70E92A5D694C000AE4FD /* DemoApp.swift */ = {isa = PBXFileReference; lastKnownFileType = sourcecode.swift; path = DemoApp.swift; sourceTree = "<group>"; };
		282A70EB2A5D694C000AE4FD /* UnauthenticatedView.swift */ = {isa = PBXFileReference; lastKnownFileType = sourcecode.swift; path = UnauthenticatedView.swift; sourceTree = "<group>"; };
		282A70ED2A5D694E000AE4FD /* Assets.xcassets */ = {isa = PBXFileReference; lastKnownFileType = folder.assetcatalog; path = Assets.xcassets; sourceTree = "<group>"; };
		282A70F72A5D6A81000AE4FD /* DemoAppDelegate.swift */ = {isa = PBXFileReference; lastKnownFileType = sourcecode.swift; path = DemoAppDelegate.swift; sourceTree = "<group>"; };
		282A70FC2A5D7664000AE4FD /* TrustAllCertsDelegate.swift */ = {isa = PBXFileReference; lastKnownFileType = sourcecode.swift; path = TrustAllCertsDelegate.swift; sourceTree = "<group>"; };
		285DEE912B0372E000528EFE /* info.plist */ = {isa = PBXFileReference; lastKnownFileType = text.plist.xml; path = info.plist; sourceTree = "<group>"; };
		287C37C52A66E08600385838 /* CustomTheme.plist */ = {isa = PBXFileReference; lastKnownFileType = text.plist.xml; path = CustomTheme.plist; sourceTree = "<group>"; };
		287EE0C82A6A9A0F00B628F1 /* AuthenticatedView.swift */ = {isa = PBXFileReference; lastKnownFileType = sourcecode.swift; path = AuthenticatedView.swift; sourceTree = "<group>"; };
		287EE0CA2A6AAE3500B628F1 /* ExpanderView.swift */ = {isa = PBXFileReference; lastKnownFileType = sourcecode.swift; path = ExpanderView.swift; sourceTree = "<group>"; };
		287EE0D02A6AE6F000B628F1 /* UserInfoModel.swift */ = {isa = PBXFileReference; lastKnownFileType = sourcecode.swift; path = UserInfoModel.swift; sourceTree = "<group>"; };
		287EE0D22A6AE6FF00B628F1 /* AccessTokenModel.swift */ = {isa = PBXFileReference; lastKnownFileType = sourcecode.swift; path = AccessTokenModel.swift; sourceTree = "<group>"; };
		287EE0D42A6AE8FE00B628F1 /* UserInfoView.swift */ = {isa = PBXFileReference; lastKnownFileType = sourcecode.swift; path = UserInfoView.swift; sourceTree = "<group>"; };
		287EE0D72A6AED8B00B628F1 /* AccessTokenView.swift */ = {isa = PBXFileReference; lastKnownFileType = sourcecode.swift; path = AccessTokenView.swift; sourceTree = "<group>"; };
		289B58522AFD021400366FBA /* haapidemo.entitlements */ = {isa = PBXFileReference; lastKnownFileType = text.plist.entitlements; path = haapidemo.entitlements; sourceTree = "<group>"; };
		289FF40F2DAFCE3F005ABF2B /* ErrorReader.swift */ = {isa = PBXFileReference; lastKnownFileType = sourcecode.swift; path = ErrorReader.swift; sourceTree = "<group>"; };
		28C9FD6A2A65278800902F08 /* MainView.swift */ = {isa = PBXFileReference; lastKnownFileType = sourcecode.swift; path = MainView.swift; sourceTree = "<group>"; };
		28C9FD6E2A65315400902F08 /* OAuthStateModel.swift */ = {isa = PBXFileReference; lastKnownFileType = sourcecode.swift; path = OAuthStateModel.swift; sourceTree = "<group>"; };
		28C9FD702A6537D900902F08 /* TextStyles.swift */ = {isa = PBXFileReference; lastKnownFileType = sourcecode.swift; path = TextStyles.swift; sourceTree = "<group>"; };
		28C9FD722A65384400902F08 /* Localizable.strings */ = {isa = PBXFileReference; lastKnownFileType = text.plist.strings; path = Localizable.strings; sourceTree = "<group>"; };
		28C9FD742A65391C00902F08 /* CustomButtonStyle.swift */ = {isa = PBXFileReference; lastKnownFileType = sourcecode.swift; path = CustomButtonStyle.swift; sourceTree = "<group>"; };
		28C9FD7D2A65405500902F08 /* ErrorView.swift */ = {isa = PBXFileReference; lastKnownFileType = sourcecode.swift; path = ErrorView.swift; sourceTree = "<group>"; };
		28C9FD832A655ED400902F08 /* ApplicationError.swift */ = {isa = PBXFileReference; lastKnownFileType = sourcecode.swift; path = ApplicationError.swift; sourceTree = "<group>"; };
		28C9FD852A657A2700902F08 /* Configuration.swift */ = {isa = PBXFileReference; lastKnownFileType = sourcecode.swift; path = Configuration.swift; sourceTree = "<group>"; };
		28FAF29D2DA544FF00A85932 /* AuthenticationSelectionViewController.swift */ = {isa = PBXFileReference; lastKnownFileType = sourcecode.swift; path = AuthenticationSelectionViewController.swift; sourceTree = "<group>"; };
		28FAF29F2DA57B0900A85932 /* AuthenticationSelectorButton.swift */ = {isa = PBXFileReference; lastKnownFileType = sourcecode.swift; path = AuthenticationSelectorButton.swift; sourceTree = "<group>"; };
		28FAF2A42DA58BE000A85932 /* AuthenticationSelectorLabel.swift */ = {isa = PBXFileReference; lastKnownFileType = sourcecode.swift; path = AuthenticationSelectorLabel.swift; sourceTree = "<group>"; };
/* End PBXFileReference section */

/* Begin PBXFrameworksBuildPhase section */
		282A70E32A5D694C000AE4FD /* Frameworks */ = {
			isa = PBXFrameworksBuildPhase;
			buildActionMask = 2147483647;
			files = (
				289B58552AFD05A700366FBA /* IdsvrHaapiUIKit in Frameworks */,
			);
			runOnlyForDeploymentPostprocessing = 0;
		};
/* End PBXFrameworksBuildPhase section */

/* Begin PBXGroup section */
		2827D6FA2DA3CE9B004E0B43 /* Extensibility */ = {
			isa = PBXGroup;
			children = (
				2827D6FD2DA3D904004E0B43 /* CustomDataMapper.swift */,
				2827D6FB2DA3CEAA004E0B43 /* CustomViewControllerFactory.swift */,
				28FAF29D2DA544FF00A85932 /* AuthenticationSelectionViewController.swift */,
				28FAF29F2DA57B0900A85932 /* AuthenticationSelectorButton.swift */,
				28FAF2A42DA58BE000A85932 /* AuthenticationSelectorLabel.swift */,
				2827D7052DA3E707004E0B43 /* HtmlFormLoginModel.swift */,
				2827D7032DA3E6DB004E0B43 /* HtmlFormLoginViewController.swift */,
			);
			path = Extensibility;
			sourceTree = "<group>";
		};
		282A70DD2A5D694C000AE4FD = {
			isa = PBXGroup;
			children = (
				285DEE912B0372E000528EFE /* info.plist */,
				289B58522AFD021400366FBA /* haapidemo.entitlements */,
				282A70E82A5D694C000AE4FD /* src */,
				287C37CD2A68007900385838 /* Resources */,
				282A70E72A5D694C000AE4FD /* Products */,
			);
			sourceTree = "<group>";
		};
		282A70E72A5D694C000AE4FD /* Products */ = {
			isa = PBXGroup;
			children = (
				282A70E62A5D694C000AE4FD /* haapidemo.app */,
			);
			name = Products;
			sourceTree = "<group>";
		};
		282A70E82A5D694C000AE4FD /* src */ = {
			isa = PBXGroup;
			children = (
				28C9FD852A657A2700902F08 /* Configuration.swift */,
				282A70E92A5D694C000AE4FD /* DemoApp.swift */,
				282A70F72A5D6A81000AE4FD /* DemoAppDelegate.swift */,
				2827D6FA2DA3CE9B004E0B43 /* Extensibility */,
				287EE0D62A6AED0100B628F1 /* Models */,
				28C9FD632A6526D400902F08 /* Views */,
				28C9FD692A65271D00902F08 /* Utilities */,
			);
			path = src;
			sourceTree = "<group>";
		};
		287C37CD2A68007900385838 /* Resources */ = {
			isa = PBXGroup;
			children = (
				282A70ED2A5D694E000AE4FD /* Assets.xcassets */,
				287C37C52A66E08600385838 /* CustomTheme.plist */,
			);
			path = Resources;
			sourceTree = "<group>";
		};
		287EE0D62A6AED0100B628F1 /* Models */ = {
			isa = PBXGroup;
			children = (
				287EE0D22A6AE6FF00B628F1 /* AccessTokenModel.swift */,
				28C9FD832A655ED400902F08 /* ApplicationError.swift */,
				28C9FD6E2A65315400902F08 /* OAuthStateModel.swift */,
				287EE0D02A6AE6F000B628F1 /* UserInfoModel.swift */,
			);
			path = Models;
			sourceTree = "<group>";
		};
		28C9FD632A6526D400902F08 /* Views */ = {
			isa = PBXGroup;
			children = (
				287EE0D72A6AED8B00B628F1 /* AccessTokenView.swift */,
				28C9FD6A2A65278800902F08 /* MainView.swift */,
				282A70EB2A5D694C000AE4FD /* UnauthenticatedView.swift */,
				287EE0C82A6A9A0F00B628F1 /* AuthenticatedView.swift */,
				28C9FD7D2A65405500902F08 /* ErrorView.swift */,
				287EE0CA2A6AAE3500B628F1 /* ExpanderView.swift */,
				287EE0D42A6AE8FE00B628F1 /* UserInfoView.swift */,
			);
			path = Views;
			sourceTree = "<group>";
		};
		28C9FD692A65271D00902F08 /* Utilities */ = {
			isa = PBXGroup;
			children = (
				289FF40F2DAFCE3F005ABF2B /* ErrorReader.swift */,
				28C9FD742A65391C00902F08 /* CustomButtonStyle.swift */,
				28C9FD702A6537D900902F08 /* TextStyles.swift */,
				282A70FC2A5D7664000AE4FD /* TrustAllCertsDelegate.swift */,
				28C9FD722A65384400902F08 /* Localizable.strings */,
			);
			path = Utilities;
			sourceTree = "<group>";
		};
/* End PBXGroup section */

/* Begin PBXNativeTarget section */
		282A70E52A5D694C000AE4FD /* haapidemo */ = {
			isa = PBXNativeTarget;
			buildConfigurationList = 282A70F42A5D694E000AE4FD /* Build configuration list for PBXNativeTarget "haapidemo" */;
			buildPhases = (
				282A70E22A5D694C000AE4FD /* Sources */,
				282A70E32A5D694C000AE4FD /* Frameworks */,
				282A70E42A5D694C000AE4FD /* Resources */,
				28F116D12A5D9D0000268DDC /* Embed Frameworks */,
			);
			buildRules = (
			);
			dependencies = (
			);
			name = haapidemo;
			packageProductDependencies = (
				289B58542AFD05A700366FBA /* IdsvrHaapiUIKit */,
			);
			productName = haapidemo;
			productReference = 282A70E62A5D694C000AE4FD /* haapidemo.app */;
			productType = "com.apple.product-type.application";
		};
/* End PBXNativeTarget section */

/* Begin PBXProject section */
		282A70DE2A5D694C000AE4FD /* Project object */ = {
			isa = PBXProject;
			attributes = {
				BuildIndependentTargetsInParallel = 1;
				LastSwiftUpdateCheck = 1430;
				LastUpgradeCheck = 1630;
				TargetAttributes = {
					282A70E52A5D694C000AE4FD = {
						CreatedOnToolsVersion = 14.3.1;
					};
				};
			};
			buildConfigurationList = 282A70E12A5D694C000AE4FD /* Build configuration list for PBXProject "haapidemo" */;
			compatibilityVersion = "Xcode 14.0";
			developmentRegion = en;
			hasScannedForEncodings = 0;
			knownRegions = (
				en,
				Base,
			);
			mainGroup = 282A70DD2A5D694C000AE4FD;
			packageReferences = (
				289B58532AFD05A700366FBA /* XCRemoteSwiftPackageReference "ios-idsvr-haapi-ui-kit-dist" */,
			);
			productRefGroup = 282A70E72A5D694C000AE4FD /* Products */;
			projectDirPath = "";
			projectRoot = "";
			targets = (
				282A70E52A5D694C000AE4FD /* haapidemo */,
			);
		};
/* End PBXProject section */

/* Begin PBXResourcesBuildPhase section */
		282A70E42A5D694C000AE4FD /* Resources */ = {
			isa = PBXResourcesBuildPhase;
			buildActionMask = 2147483647;
			files = (
				287C37C62A66E08600385838 /* CustomTheme.plist in Resources */,
				282A70EE2A5D694E000AE4FD /* Assets.xcassets in Resources */,
				28C9FD732A65384400902F08 /* Localizable.strings in Resources */,
			);
			runOnlyForDeploymentPostprocessing = 0;
		};
/* End PBXResourcesBuildPhase section */

/* Begin PBXSourcesBuildPhase section */
		282A70E22A5D694C000AE4FD /* Sources */ = {
			isa = PBXSourcesBuildPhase;
			buildActionMask = 2147483647;
			files = (
				2827D6FE2DA3D90C004E0B43 /* CustomDataMapper.swift in Sources */,
				287EE0D12A6AE6F000B628F1 /* UserInfoModel.swift in Sources */,
				28C9FD842A655ED400902F08 /* ApplicationError.swift in Sources */,
				28C9FD752A65391C00902F08 /* CustomButtonStyle.swift in Sources */,
				28C9FD862A657A2700902F08 /* Configuration.swift in Sources */,
				28C9FD6F2A65315400902F08 /* OAuthStateModel.swift in Sources */,
				287EE0C92A6A9A0F00B628F1 /* AuthenticatedView.swift in Sources */,
				28C9FD6B2A65278800902F08 /* MainView.swift in Sources */,
				287EE0D32A6AE6FF00B628F1 /* AccessTokenModel.swift in Sources */,
				282A70F82A5D6A81000AE4FD /* DemoAppDelegate.swift in Sources */,
				28FAF29E2DA5451C00A85932 /* AuthenticationSelectionViewController.swift in Sources */,
				28C9FD7E2A65405500902F08 /* ErrorView.swift in Sources */,
				28C9FD712A6537D900902F08 /* TextStyles.swift in Sources */,
				287EE0D52A6AE8FE00B628F1 /* UserInfoView.swift in Sources */,
				28FAF2A52DA58BE000A85932 /* AuthenticationSelectorLabel.swift in Sources */,
				2827D6FC2DA3CEAE004E0B43 /* CustomViewControllerFactory.swift in Sources */,
				289FF4102DAFCE48005ABF2B /* ErrorReader.swift in Sources */,
				282A70FD2A5D7664000AE4FD /* TrustAllCertsDelegate.swift in Sources */,
				2827D7042DA3E6E3004E0B43 /* HtmlFormLoginViewController.swift in Sources */,
				28FAF2A02DA57B0D00A85932 /* AuthenticationSelectorButton.swift in Sources */,
				287EE0CB2A6AAE3500B628F1 /* ExpanderView.swift in Sources */,
				282A70EC2A5D694C000AE4FD /* UnauthenticatedView.swift in Sources */,
				2827D7062DA3E707004E0B43 /* HtmlFormLoginModel.swift in Sources */,
				287EE0D82A6AED8B00B628F1 /* AccessTokenView.swift in Sources */,
				282A70EA2A5D694C000AE4FD /* DemoApp.swift in Sources */,
			);
			runOnlyForDeploymentPostprocessing = 0;
		};
/* End PBXSourcesBuildPhase section */

/* Begin XCBuildConfiguration section */
		282A70F22A5D694E000AE4FD /* Debug */ = {
			isa = XCBuildConfiguration;
			buildSettings = {
				ALWAYS_SEARCH_USER_PATHS = NO;
				CLANG_ANALYZER_NONNULL = YES;
				CLANG_ANALYZER_NUMBER_OBJECT_CONVERSION = YES_AGGRESSIVE;
				CLANG_CXX_LANGUAGE_STANDARD = "gnu++20";
				CLANG_ENABLE_MODULES = YES;
				CLANG_ENABLE_OBJC_ARC = YES;
				CLANG_ENABLE_OBJC_WEAK = YES;
				CLANG_WARN_BLOCK_CAPTURE_AUTORELEASING = YES;
				CLANG_WARN_BOOL_CONVERSION = YES;
				CLANG_WARN_COMMA = YES;
				CLANG_WARN_CONSTANT_CONVERSION = YES;
				CLANG_WARN_DEPRECATED_OBJC_IMPLEMENTATIONS = YES;
				CLANG_WARN_DIRECT_OBJC_ISA_USAGE = YES_ERROR;
				CLANG_WARN_DOCUMENTATION_COMMENTS = YES;
				CLANG_WARN_EMPTY_BODY = YES;
				CLANG_WARN_ENUM_CONVERSION = YES;
				CLANG_WARN_INFINITE_RECURSION = YES;
				CLANG_WARN_INT_CONVERSION = YES;
				CLANG_WARN_NON_LITERAL_NULL_CONVERSION = YES;
				CLANG_WARN_OBJC_IMPLICIT_RETAIN_SELF = YES;
				CLANG_WARN_OBJC_LITERAL_CONVERSION = YES;
				CLANG_WARN_OBJC_ROOT_CLASS = YES_ERROR;
				CLANG_WARN_QUOTED_INCLUDE_IN_FRAMEWORK_HEADER = YES;
				CLANG_WARN_RANGE_LOOP_ANALYSIS = YES;
				CLANG_WARN_STRICT_PROTOTYPES = YES;
				CLANG_WARN_SUSPICIOUS_MOVE = YES;
				CLANG_WARN_UNGUARDED_AVAILABILITY = YES_AGGRESSIVE;
				CLANG_WARN_UNREACHABLE_CODE = YES;
				CLANG_WARN__DUPLICATE_METHOD_MATCH = YES;
				COPY_PHASE_STRIP = NO;
				DEBUG_INFORMATION_FORMAT = dwarf;
				ENABLE_STRICT_OBJC_MSGSEND = YES;
				ENABLE_TESTABILITY = YES;
				ENABLE_USER_SCRIPT_SANDBOXING = YES;
				GCC_C_LANGUAGE_STANDARD = gnu11;
				GCC_DYNAMIC_NO_PIC = NO;
				GCC_NO_COMMON_BLOCKS = YES;
				GCC_OPTIMIZATION_LEVEL = 0;
				GCC_PREPROCESSOR_DEFINITIONS = (
					"DEBUG=1",
					"$(inherited)",
				);
				GCC_WARN_64_TO_32_BIT_CONVERSION = YES;
				GCC_WARN_ABOUT_RETURN_TYPE = YES_ERROR;
				GCC_WARN_UNDECLARED_SELECTOR = YES;
				GCC_WARN_UNINITIALIZED_AUTOS = YES_AGGRESSIVE;
				GCC_WARN_UNUSED_FUNCTION = YES;
				GCC_WARN_UNUSED_VARIABLE = YES;
				IPHONEOS_DEPLOYMENT_TARGET = 16.4;
				MTL_ENABLE_DEBUG_INFO = INCLUDE_SOURCE;
				MTL_FAST_MATH = YES;
				ONLY_ACTIVE_ARCH = YES;
				SDKROOT = iphoneos;
				SWIFT_ACTIVE_COMPILATION_CONDITIONS = DEBUG;
				SWIFT_OPTIMIZATION_LEVEL = "-Onone";
			};
			name = Debug;
		};
		282A70F32A5D694E000AE4FD /* Release */ = {
			isa = XCBuildConfiguration;
			buildSettings = {
				ALWAYS_SEARCH_USER_PATHS = NO;
				CLANG_ANALYZER_NONNULL = YES;
				CLANG_ANALYZER_NUMBER_OBJECT_CONVERSION = YES_AGGRESSIVE;
				CLANG_CXX_LANGUAGE_STANDARD = "gnu++20";
				CLANG_ENABLE_MODULES = YES;
				CLANG_ENABLE_OBJC_ARC = YES;
				CLANG_ENABLE_OBJC_WEAK = YES;
				CLANG_WARN_BLOCK_CAPTURE_AUTORELEASING = YES;
				CLANG_WARN_BOOL_CONVERSION = YES;
				CLANG_WARN_COMMA = YES;
				CLANG_WARN_CONSTANT_CONVERSION = YES;
				CLANG_WARN_DEPRECATED_OBJC_IMPLEMENTATIONS = YES;
				CLANG_WARN_DIRECT_OBJC_ISA_USAGE = YES_ERROR;
				CLANG_WARN_DOCUMENTATION_COMMENTS = YES;
				CLANG_WARN_EMPTY_BODY = YES;
				CLANG_WARN_ENUM_CONVERSION = YES;
				CLANG_WARN_INFINITE_RECURSION = YES;
				CLANG_WARN_INT_CONVERSION = YES;
				CLANG_WARN_NON_LITERAL_NULL_CONVERSION = YES;
				CLANG_WARN_OBJC_IMPLICIT_RETAIN_SELF = YES;
				CLANG_WARN_OBJC_LITERAL_CONVERSION = YES;
				CLANG_WARN_OBJC_ROOT_CLASS = YES_ERROR;
				CLANG_WARN_QUOTED_INCLUDE_IN_FRAMEWORK_HEADER = YES;
				CLANG_WARN_RANGE_LOOP_ANALYSIS = YES;
				CLANG_WARN_STRICT_PROTOTYPES = YES;
				CLANG_WARN_SUSPICIOUS_MOVE = YES;
				CLANG_WARN_UNGUARDED_AVAILABILITY = YES_AGGRESSIVE;
				CLANG_WARN_UNREACHABLE_CODE = YES;
				CLANG_WARN__DUPLICATE_METHOD_MATCH = YES;
				COPY_PHASE_STRIP = NO;
				DEBUG_INFORMATION_FORMAT = "dwarf-with-dsym";
				ENABLE_NS_ASSERTIONS = NO;
				ENABLE_STRICT_OBJC_MSGSEND = YES;
				ENABLE_USER_SCRIPT_SANDBOXING = YES;
				GCC_C_LANGUAGE_STANDARD = gnu11;
				GCC_NO_COMMON_BLOCKS = YES;
				GCC_WARN_64_TO_32_BIT_CONVERSION = YES;
				GCC_WARN_ABOUT_RETURN_TYPE = YES_ERROR;
				GCC_WARN_UNDECLARED_SELECTOR = YES;
				GCC_WARN_UNINITIALIZED_AUTOS = YES_AGGRESSIVE;
				GCC_WARN_UNUSED_FUNCTION = YES;
				GCC_WARN_UNUSED_VARIABLE = YES;
				IPHONEOS_DEPLOYMENT_TARGET = 16.4;
				MTL_ENABLE_DEBUG_INFO = NO;
				MTL_FAST_MATH = YES;
				SDKROOT = iphoneos;
				SWIFT_COMPILATION_MODE = wholemodule;
				SWIFT_OPTIMIZATION_LEVEL = "-O";
				VALIDATE_PRODUCT = YES;
			};
			name = Release;
		};
		282A70F52A5D694E000AE4FD /* Debug */ = {
			isa = XCBuildConfiguration;
			buildSettings = {
				ASSETCATALOG_COMPILER_APPICON_NAME = AppIcon;
				ASSETCATALOG_COMPILER_GLOBAL_ACCENT_COLOR_NAME = AccentColor;
				CODE_SIGN_ENTITLEMENTS = haapidemo.entitlements;
				CODE_SIGN_IDENTITY = "Apple Development";
				CODE_SIGN_STYLE = Manual;
				CURRENT_PROJECT_VERSION = 1;
				DEVELOPMENT_ASSET_PATHS = "";
				DEVELOPMENT_TEAM = "";
				ENABLE_PREVIEWS = YES;
				GENERATE_INFOPLIST_FILE = YES;
				INFOPLIST_FILE = info.plist;
				INFOPLIST_KEY_LSApplicationCategoryType = "";
				INFOPLIST_KEY_UIApplicationSceneManifest_Generation = YES;
				INFOPLIST_KEY_UIApplicationSupportsIndirectInputEvents = YES;
				INFOPLIST_KEY_UILaunchScreen_Generation = YES;
				INFOPLIST_KEY_UISupportedInterfaceOrientations_iPad = "UIInterfaceOrientationPortrait UIInterfaceOrientationPortraitUpsideDown UIInterfaceOrientationLandscapeLeft UIInterfaceOrientationLandscapeRight";
				INFOPLIST_KEY_UISupportedInterfaceOrientations_iPhone = "UIInterfaceOrientationPortrait UIInterfaceOrientationLandscapeLeft UIInterfaceOrientationLandscapeRight";
				IPHONEOS_DEPLOYMENT_TARGET = 14.0;
				LD_RUNPATH_SEARCH_PATHS = (
					"$(inherited)",
					"@executable_path/Frameworks",
				);
				MARKETING_VERSION = 1.0;
				PRODUCT_BUNDLE_IDENTIFIER = io.curity.haapidemo;
				PRODUCT_NAME = "$(TARGET_NAME)";
				PROVISIONING_PROFILE_SPECIFIER = "";
				SWIFT_EMIT_LOC_STRINGS = YES;
				SWIFT_VERSION = 5.0;
				TARGETED_DEVICE_FAMILY = "1,2";
			};
			name = Debug;
		};
		282A70F62A5D694E000AE4FD /* Release */ = {
			isa = XCBuildConfiguration;
			buildSettings = {
				ASSETCATALOG_COMPILER_APPICON_NAME = AppIcon;
				ASSETCATALOG_COMPILER_GLOBAL_ACCENT_COLOR_NAME = AccentColor;
				CODE_SIGN_ENTITLEMENTS = haapidemo.entitlements;
				CODE_SIGN_IDENTITY = "Apple Development";
				CODE_SIGN_STYLE = Manual;
				CURRENT_PROJECT_VERSION = 1;
				DEVELOPMENT_ASSET_PATHS = "";
				DEVELOPMENT_TEAM = "";
				ENABLE_PREVIEWS = YES;
				GENERATE_INFOPLIST_FILE = YES;
				INFOPLIST_FILE = info.plist;
				INFOPLIST_KEY_LSApplicationCategoryType = "";
				INFOPLIST_KEY_UIApplicationSceneManifest_Generation = YES;
				INFOPLIST_KEY_UIApplicationSupportsIndirectInputEvents = YES;
				INFOPLIST_KEY_UILaunchScreen_Generation = YES;
				INFOPLIST_KEY_UISupportedInterfaceOrientations_iPad = "UIInterfaceOrientationPortrait UIInterfaceOrientationPortraitUpsideDown UIInterfaceOrientationLandscapeLeft UIInterfaceOrientationLandscapeRight";
				INFOPLIST_KEY_UISupportedInterfaceOrientations_iPhone = "UIInterfaceOrientationPortrait UIInterfaceOrientationLandscapeLeft UIInterfaceOrientationLandscapeRight";
				IPHONEOS_DEPLOYMENT_TARGET = 14.0;
				LD_RUNPATH_SEARCH_PATHS = (
					"$(inherited)",
					"@executable_path/Frameworks",
				);
				MARKETING_VERSION = 1.0;
				PRODUCT_BUNDLE_IDENTIFIER = io.curity.haapidemo;
				PRODUCT_NAME = "$(TARGET_NAME)";
				PROVISIONING_PROFILE_SPECIFIER = "";
				SWIFT_EMIT_LOC_STRINGS = YES;
				SWIFT_VERSION = 5.0;
				TARGETED_DEVICE_FAMILY = "1,2";
			};
			name = Release;
		};
/* End XCBuildConfiguration section */

/* Begin XCConfigurationList section */
		282A70E12A5D694C000AE4FD /* Build configuration list for PBXProject "haapidemo" */ = {
			isa = XCConfigurationList;
			buildConfigurations = (
				282A70F22A5D694E000AE4FD /* Debug */,
				282A70F32A5D694E000AE4FD /* Release */,
			);
			defaultConfigurationIsVisible = 0;
			defaultConfigurationName = Release;
		};
		282A70F42A5D694E000AE4FD /* Build configuration list for PBXNativeTarget "haapidemo" */ = {
			isa = XCConfigurationList;
			buildConfigurations = (
				282A70F52A5D694E000AE4FD /* Debug */,
				282A70F62A5D694E000AE4FD /* Release */,
			);
			defaultConfigurationIsVisible = 0;
			defaultConfigurationName = Release;
		};
/* End XCConfigurationList section */

/* Begin XCRemoteSwiftPackageReference section */
		289B58532AFD05A700366FBA /* XCRemoteSwiftPackageReference "ios-idsvr-haapi-ui-kit-dist" */ = {
			isa = XCRemoteSwiftPackageReference;
			repositoryURL = "https://github.com/curityio/ios-idsvr-haapi-ui-kit-dist";
			requirement = {
				kind = upToNextMajorVersion;
				minimumVersion = 4.5.0;
			};
		};
/* End XCRemoteSwiftPackageReference section */

/* Begin XCSwiftPackageProductDependency section */
		289B58542AFD05A700366FBA /* IdsvrHaapiUIKit */ = {
			isa = XCSwiftPackageProductDependency;
			package = 289B58532AFD05A700366FBA /* XCRemoteSwiftPackageReference "ios-idsvr-haapi-ui-kit-dist" */;
			productName = IdsvrHaapiUIKit;
		};
/* End XCSwiftPackageProductDependency section */
	};
	rootObject = 282A70DE2A5D694C000AE4FD /* Project object */;
}
